<?xml version="1.0" encoding="UTF-8" standalone="yes" ?>
<CodeBlocks_project_file>
   <FileVersion major="1" minor="6" />
   <Project>
      <Option title="strat3" />
      <Option makefile_is_custom="1" />
      <Option compiler="gcc" />
      <Option virtualFolders="CMake Files\;CMake Files\DataManager\;CMake Files\Portfolio\;CMake Files\Strategy\;CMake Files\DataLog\;CMake Files\Report\;CMake Files\test\;CMake Files\Predictor\;CMake Files\Error\;CMake Files\Security\;CMake Files\cml\;" />
      <Build>
      <Target title="all">
         <Option working_dir="/home/midgard/Dropbox/project/Strat3/build-strat3-Desktop-Default" />
         <Option type="4" />
         <MakeCommands>
            <Build command="/usr/bin/make -f &quot;/home/midgard/Dropbox/project/Strat3/build-strat3-Desktop-Default/Makefile&quot;  VERBOSE=1 all" />
            <CompileFile command="/usr/bin/make -f &quot;/home/midgard/Dropbox/project/Strat3/build-strat3-Desktop-Default/Makefile&quot;  VERBOSE=1 &quot;$file&quot;" />
            <Clean command="/usr/bin/make -f &quot;/home/midgard/Dropbox/project/Strat3/build-strat3-Desktop-Default/Makefile&quot;  VERBOSE=1 clean" />
            <DistClean command="/usr/bin/make -f &quot;/home/midgard/Dropbox/project/Strat3/build-strat3-Desktop-Default/Makefile&quot;  VERBOSE=1 clean" />
         </MakeCommands>
      </Target>
      <Target title="edit_cache">
         <Option working_dir="/home/midgard/Dropbox/project/Strat3/build-strat3-Desktop-Default" />
         <Option type="4" />
         <MakeCommands>
            <Build command="/usr/bin/make -f &quot;/home/midgard/Dropbox/project/Strat3/build-strat3-Desktop-Default/Makefile&quot;  VERBOSE=1 edit_cache" />
            <CompileFile command="/usr/bin/make -f &quot;/home/midgard/Dropbox/project/Strat3/build-strat3-Desktop-Default/Makefile&quot;  VERBOSE=1 &quot;$file&quot;" />
            <Clean command="/usr/bin/make -f &quot;/home/midgard/Dropbox/project/Strat3/build-strat3-Desktop-Default/Makefile&quot;  VERBOSE=1 clean" />
            <DistClean command="/usr/bin/make -f &quot;/home/midgard/Dropbox/project/Strat3/build-strat3-Desktop-Default/Makefile&quot;  VERBOSE=1 clean" />
         </MakeCommands>
      </Target>
      <Target title="arbitrage">
         <Option output="/home/midgard/Dropbox/project/Strat3/build-strat3-Desktop-Default/arbitrage" prefix_auto="0" extension_auto="0" />
         <Option working_dir="/home/midgard/Dropbox/project/Strat3/build-strat3-Desktop-Default" />
         <Option object_output="./" />
         <Option type="1" />
         <Option compiler="gcc" />
         <Compiler>
            <Add directory="/home/midgard/Dropbox/project/Strat3/strat3/../../gtest/gtest" />
            <Add directory="/home/midgard/Dropbox/project/Strat3/strat3/../../gtest/gtest/include" />
            <Add directory="/usr/include" />
            <Add directory="/usr/include/c++/4.8" />
            <Add directory="/usr/include/c++/4.8/backward" />
            <Add directory="/usr/include/i386-linux-gnu" />
            <Add directory="/usr/include/i386-linux-gnu/c++/4.8" />
            <Add directory="/usr/lib/gcc/i686-linux-gnu/4.8/include" />
            <Add directory="/usr/lib/gcc/i686-linux-gnu/4.8/include-fixed" />
            <Add directory="/usr/local/include" />
         </Compiler>
         <MakeCommands>
            <Build command="/usr/bin/make -f &quot;/home/midgard/Dropbox/project/Strat3/build-strat3-Desktop-Default/Makefile&quot;  VERBOSE=1 arbitrage" />
            <CompileFile command="/usr/bin/make -f &quot;/home/midgard/Dropbox/project/Strat3/build-strat3-Desktop-Default/Makefile&quot;  VERBOSE=1 &quot;$file&quot;" />
            <Clean command="/usr/bin/make -f &quot;/home/midgard/Dropbox/project/Strat3/build-strat3-Desktop-Default/Makefile&quot;  VERBOSE=1 clean" />
            <DistClean command="/usr/bin/make -f &quot;/home/midgard/Dropbox/project/Strat3/build-strat3-Desktop-Default/Makefile&quot;  VERBOSE=1 clean" />
         </MakeCommands>
      </Target>
      <Target title="arbitrage/fast">
         <Option output="/home/midgard/Dropbox/project/Strat3/build-strat3-Desktop-Default/arbitrage" prefix_auto="0" extension_auto="0" />
         <Option working_dir="/home/midgard/Dropbox/project/Strat3/build-strat3-Desktop-Default" />
         <Option object_output="./" />
         <Option type="1" />
         <Option compiler="gcc" />
         <Compiler>
            <Add directory="/home/midgard/Dropbox/project/Strat3/strat3/../../gtest/gtest" />
            <Add directory="/home/midgard/Dropbox/project/Strat3/strat3/../../gtest/gtest/include" />
            <Add directory="/usr/include" />
            <Add directory="/usr/include/c++/4.8" />
            <Add directory="/usr/include/c++/4.8/backward" />
            <Add directory="/usr/include/i386-linux-gnu" />
            <Add directory="/usr/include/i386-linux-gnu/c++/4.8" />
            <Add directory="/usr/lib/gcc/i686-linux-gnu/4.8/include" />
            <Add directory="/usr/lib/gcc/i686-linux-gnu/4.8/include-fixed" />
            <Add directory="/usr/local/include" />
         </Compiler>
         <MakeCommands>
            <Build command="/usr/bin/make -f &quot;/home/midgard/Dropbox/project/Strat3/build-strat3-Desktop-Default/Makefile&quot;  VERBOSE=1 arbitrage/fast" />
            <CompileFile command="/usr/bin/make -f &quot;/home/midgard/Dropbox/project/Strat3/build-strat3-Desktop-Default/Makefile&quot;  VERBOSE=1 &quot;$file&quot;" />
            <Clean command="/usr/bin/make -f &quot;/home/midgard/Dropbox/project/Strat3/build-strat3-Desktop-Default/Makefile&quot;  VERBOSE=1 clean" />
            <DistClean command="/usr/bin/make -f &quot;/home/midgard/Dropbox/project/Strat3/build-strat3-Desktop-Default/Makefile&quot;  VERBOSE=1 clean" />
         </MakeCommands>
      </Target>
      <Target title="rebuild_cache">
         <Option working_dir="/home/midgard/Dropbox/project/Strat3/build-strat3-Desktop-Default" />
         <Option type="4" />
         <MakeCommands>
            <Build command="/usr/bin/make -f &quot;/home/midgard/Dropbox/project/Strat3/build-strat3-Desktop-Default/Makefile&quot;  VERBOSE=1 rebuild_cache" />
            <CompileFile command="/usr/bin/make -f &quot;/home/midgard/Dropbox/project/Strat3/build-strat3-Desktop-Default/Makefile&quot;  VERBOSE=1 &quot;$file&quot;" />
            <Clean command="/usr/bin/make -f &quot;/home/midgard/Dropbox/project/Strat3/build-strat3-Desktop-Default/Makefile&quot;  VERBOSE=1 clean" />
            <DistClean command="/usr/bin/make -f &quot;/home/midgard/Dropbox/project/Strat3/build-strat3-Desktop-Default/Makefile&quot;  VERBOSE=1 clean" />
         </MakeCommands>
      </Target>
      <Target title="gtest">
         <Option output="/home/midgard/Dropbox/project/Strat3/build-strat3-Desktop-Default/libgtest.a" prefix_auto="0" extension_auto="0" />
         <Option working_dir="/home/midgard/Dropbox/project/Strat3/build-strat3-Desktop-Default" />
         <Option object_output="./" />
         <Option type="2" />
         <Option compiler="gcc" />
         <Compiler>
            <Add directory="/home/midgard/Dropbox/project/Strat3/strat3/../../gtest/gtest" />
            <Add directory="/home/midgard/Dropbox/project/Strat3/strat3/../../gtest/gtest/include" />
            <Add directory="/usr/include" />
            <Add directory="/usr/include/c++/4.8" />
            <Add directory="/usr/include/c++/4.8/backward" />
            <Add directory="/usr/include/i386-linux-gnu" />
            <Add directory="/usr/include/i386-linux-gnu/c++/4.8" />
            <Add directory="/usr/lib/gcc/i686-linux-gnu/4.8/include" />
            <Add directory="/usr/lib/gcc/i686-linux-gnu/4.8/include-fixed" />
            <Add directory="/usr/local/include" />
         </Compiler>
         <MakeCommands>
            <Build command="/usr/bin/make -f &quot;/home/midgard/Dropbox/project/Strat3/build-strat3-Desktop-Default/Makefile&quot;  VERBOSE=1 gtest" />
            <CompileFile command="/usr/bin/make -f &quot;/home/midgard/Dropbox/project/Strat3/build-strat3-Desktop-Default/Makefile&quot;  VERBOSE=1 &quot;$file&quot;" />
            <Clean command="/usr/bin/make -f &quot;/home/midgard/Dropbox/project/Strat3/build-strat3-Desktop-Default/Makefile&quot;  VERBOSE=1 clean" />
            <DistClean command="/usr/bin/make -f &quot;/home/midgard/Dropbox/project/Strat3/build-strat3-Desktop-Default/Makefile&quot;  VERBOSE=1 clean" />
         </MakeCommands>
      </Target>
      <Target title="gtest/fast">
         <Option output="/home/midgard/Dropbox/project/Strat3/build-strat3-Desktop-Default/libgtest.a" prefix_auto="0" extension_auto="0" />
         <Option working_dir="/home/midgard/Dropbox/project/Strat3/build-strat3-Desktop-Default" />
         <Option object_output="./" />
         <Option type="2" />
         <Option compiler="gcc" />
         <Compiler>
            <Add directory="/home/midgard/Dropbox/project/Strat3/strat3/../../gtest/gtest" />
            <Add directory="/home/midgard/Dropbox/project/Strat3/strat3/../../gtest/gtest/include" />
            <Add directory="/usr/include" />
            <Add directory="/usr/include/c++/4.8" />
            <Add directory="/usr/include/c++/4.8/backward" />
            <Add directory="/usr/include/i386-linux-gnu" />
            <Add directory="/usr/include/i386-linux-gnu/c++/4.8" />
            <Add directory="/usr/lib/gcc/i686-linux-gnu/4.8/include" />
            <Add directory="/usr/lib/gcc/i686-linux-gnu/4.8/include-fixed" />
            <Add directory="/usr/local/include" />
         </Compiler>
         <MakeCommands>
            <Build command="/usr/bin/make -f &quot;/home/midgard/Dropbox/project/Strat3/build-strat3-Desktop-Default/Makefile&quot;  VERBOSE=1 gtest/fast" />
            <CompileFile command="/usr/bin/make -f &quot;/home/midgard/Dropbox/project/Strat3/build-strat3-Desktop-Default/Makefile&quot;  VERBOSE=1 &quot;$file&quot;" />
            <Clean command="/usr/bin/make -f &quot;/home/midgard/Dropbox/project/Strat3/build-strat3-Desktop-Default/Makefile&quot;  VERBOSE=1 clean" />
            <DistClean command="/usr/bin/make -f &quot;/home/midgard/Dropbox/project/Strat3/build-strat3-Desktop-Default/Makefile&quot;  VERBOSE=1 clean" />
         </MakeCommands>
      </Target>
      <Target title="strat3">
         <Option output="/home/midgard/Dropbox/project/Strat3/build-strat3-Desktop-Default/libstrat3.a" prefix_auto="0" extension_auto="0" />
         <Option working_dir="/home/midgard/Dropbox/project/Strat3/build-strat3-Desktop-Default" />
         <Option object_output="./" />
         <Option type="2" />
         <Option compiler="gcc" />
         <Compiler>
            <Add directory="/home/midgard/Dropbox/project/Strat3/strat3/../../gtest/gtest" />
            <Add directory="/home/midgard/Dropbox/project/Strat3/strat3/../../gtest/gtest/include" />
            <Add directory="/usr/include" />
            <Add directory="/usr/include/c++/4.8" />
            <Add directory="/usr/include/c++/4.8/backward" />
            <Add directory="/usr/include/i386-linux-gnu" />
            <Add directory="/usr/include/i386-linux-gnu/c++/4.8" />
            <Add directory="/usr/lib/gcc/i686-linux-gnu/4.8/include" />
            <Add directory="/usr/lib/gcc/i686-linux-gnu/4.8/include-fixed" />
            <Add directory="/usr/local/include" />
         </Compiler>
         <MakeCommands>
            <Build command="/usr/bin/make -f &quot;/home/midgard/Dropbox/project/Strat3/build-strat3-Desktop-Default/Makefile&quot;  VERBOSE=1 strat3" />
            <CompileFile command="/usr/bin/make -f &quot;/home/midgard/Dropbox/project/Strat3/build-strat3-Desktop-Default/Makefile&quot;  VERBOSE=1 &quot;$file&quot;" />
            <Clean command="/usr/bin/make -f &quot;/home/midgard/Dropbox/project/Strat3/build-strat3-Desktop-Default/Makefile&quot;  VERBOSE=1 clean" />
            <DistClean command="/usr/bin/make -f &quot;/home/midgard/Dropbox/project/Strat3/build-strat3-Desktop-Default/Makefile&quot;  VERBOSE=1 clean" />
         </MakeCommands>
      </Target>
      <Target title="strat3/fast">
         <Option output="/home/midgard/Dropbox/project/Strat3/build-strat3-Desktop-Default/libstrat3.a" prefix_auto="0" extension_auto="0" />
         <Option working_dir="/home/midgard/Dropbox/project/Strat3/build-strat3-Desktop-Default" />
         <Option object_output="./" />
         <Option type="2" />
         <Option compiler="gcc" />
         <Compiler>
            <Add directory="/home/midgard/Dropbox/project/Strat3/strat3/../../gtest/gtest" />
            <Add directory="/home/midgard/Dropbox/project/Strat3/strat3/../../gtest/gtest/include" />
            <Add directory="/usr/include" />
            <Add directory="/usr/include/c++/4.8" />
            <Add directory="/usr/include/c++/4.8/backward" />
            <Add directory="/usr/include/i386-linux-gnu" />
            <Add directory="/usr/include/i386-linux-gnu/c++/4.8" />
            <Add directory="/usr/lib/gcc/i686-linux-gnu/4.8/include" />
            <Add directory="/usr/lib/gcc/i686-linux-gnu/4.8/include-fixed" />
            <Add directory="/usr/local/include" />
         </Compiler>
         <MakeCommands>
            <Build command="/usr/bin/make -f &quot;/home/midgard/Dropbox/project/Strat3/build-strat3-Desktop-Default/Makefile&quot;  VERBOSE=1 strat3/fast" />
            <CompileFile command="/usr/bin/make -f &quot;/home/midgard/Dropbox/project/Strat3/build-strat3-Desktop-Default/Makefile&quot;  VERBOSE=1 &quot;$file&quot;" />
            <Clean command="/usr/bin/make -f &quot;/home/midgard/Dropbox/project/Strat3/build-strat3-Desktop-Default/Makefile&quot;  VERBOSE=1 clean" />
            <DistClean command="/usr/bin/make -f &quot;/home/midgard/Dropbox/project/Strat3/build-strat3-Desktop-Default/Makefile&quot;  VERBOSE=1 clean" />
         </MakeCommands>
      </Target>
      <Target title="tests_cml">
         <Option output="/home/midgard/Dropbox/project/Strat3/build-strat3-Desktop-Default/tests_cml" prefix_auto="0" extension_auto="0" />
         <Option working_dir="/home/midgard/Dropbox/project/Strat3/build-strat3-Desktop-Default" />
         <Option object_output="./" />
         <Option type="1" />
         <Option compiler="gcc" />
         <Compiler>
            <Add directory="/home/midgard/Dropbox/project/Strat3/strat3/../../gtest/gtest" />
            <Add directory="/home/midgard/Dropbox/project/Strat3/strat3/../../gtest/gtest/include" />
            <Add directory="/usr/include" />
            <Add directory="/usr/include/c++/4.8" />
            <Add directory="/usr/include/c++/4.8/backward" />
            <Add directory="/usr/include/i386-linux-gnu" />
            <Add directory="/usr/include/i386-linux-gnu/c++/4.8" />
            <Add directory="/usr/lib/gcc/i686-linux-gnu/4.8/include" />
            <Add directory="/usr/lib/gcc/i686-linux-gnu/4.8/include-fixed" />
            <Add directory="/usr/local/include" />
         </Compiler>
         <MakeCommands>
            <Build command="/usr/bin/make -f &quot;/home/midgard/Dropbox/project/Strat3/build-strat3-Desktop-Default/Makefile&quot;  VERBOSE=1 tests_cml" />
            <CompileFile command="/usr/bin/make -f &quot;/home/midgard/Dropbox/project/Strat3/build-strat3-Desktop-Default/Makefile&quot;  VERBOSE=1 &quot;$file&quot;" />
            <Clean command="/usr/bin/make -f &quot;/home/midgard/Dropbox/project/Strat3/build-strat3-Desktop-Default/Makefile&quot;  VERBOSE=1 clean" />
            <DistClean command="/usr/bin/make -f &quot;/home/midgard/Dropbox/project/Strat3/build-strat3-Desktop-Default/Makefile&quot;  VERBOSE=1 clean" />
         </MakeCommands>
      </Target>
      <Target title="tests_cml/fast">
         <Option output="/home/midgard/Dropbox/project/Strat3/build-strat3-Desktop-Default/tests_cml" prefix_auto="0" extension_auto="0" />
         <Option working_dir="/home/midgard/Dropbox/project/Strat3/build-strat3-Desktop-Default" />
         <Option object_output="./" />
         <Option type="1" />
         <Option compiler="gcc" />
         <Compiler>
            <Add directory="/home/midgard/Dropbox/project/Strat3/strat3/../../gtest/gtest" />
            <Add directory="/home/midgard/Dropbox/project/Strat3/strat3/../../gtest/gtest/include" />
            <Add directory="/usr/include" />
            <Add directory="/usr/include/c++/4.8" />
            <Add directory="/usr/include/c++/4.8/backward" />
            <Add directory="/usr/include/i386-linux-gnu" />
            <Add directory="/usr/include/i386-linux-gnu/c++/4.8" />
            <Add directory="/usr/lib/gcc/i686-linux-gnu/4.8/include" />
            <Add directory="/usr/lib/gcc/i686-linux-gnu/4.8/include-fixed" />
            <Add directory="/usr/local/include" />
         </Compiler>
         <MakeCommands>
            <Build command="/usr/bin/make -f &quot;/home/midgard/Dropbox/project/Strat3/build-strat3-Desktop-Default/Makefile&quot;  VERBOSE=1 tests_cml/fast" />
            <CompileFile command="/usr/bin/make -f &quot;/home/midgard/Dropbox/project/Strat3/build-strat3-Desktop-Default/Makefile&quot;  VERBOSE=1 &quot;$file&quot;" />
            <Clean command="/usr/bin/make -f &quot;/home/midgard/Dropbox/project/Strat3/build-strat3-Desktop-Default/Makefile&quot;  VERBOSE=1 clean" />
            <DistClean command="/usr/bin/make -f &quot;/home/midgard/Dropbox/project/Strat3/build-strat3-Desktop-Default/Makefile&quot;  VERBOSE=1 clean" />
         </MakeCommands>
      </Target>
      <Target title="tests">
         <Option output="/home/midgard/Dropbox/project/Strat3/build-strat3-Desktop-Default/tests" prefix_auto="0" extension_auto="0" />
         <Option working_dir="/home/midgard/Dropbox/project/Strat3/build-strat3-Desktop-Default" />
         <Option object_output="./" />
         <Option type="1" />
         <Option compiler="gcc" />
         <Compiler>
            <Add directory="/home/midgard/Dropbox/project/Strat3/strat3/../../gtest/gtest" />
            <Add directory="/home/midgard/Dropbox/project/Strat3/strat3/../../gtest/gtest/include" />
            <Add directory="/usr/include" />
            <Add directory="/usr/include/c++/4.8" />
            <Add directory="/usr/include/c++/4.8/backward" />
            <Add directory="/usr/include/i386-linux-gnu" />
            <Add directory="/usr/include/i386-linux-gnu/c++/4.8" />
            <Add directory="/usr/lib/gcc/i686-linux-gnu/4.8/include" />
            <Add directory="/usr/lib/gcc/i686-linux-gnu/4.8/include-fixed" />
            <Add directory="/usr/local/include" />
         </Compiler>
         <MakeCommands>
            <Build command="/usr/bin/make -f &quot;/home/midgard/Dropbox/project/Strat3/build-strat3-Desktop-Default/Makefile&quot;  VERBOSE=1 tests" />
            <CompileFile command="/usr/bin/make -f &quot;/home/midgard/Dropbox/project/Strat3/build-strat3-Desktop-Default/Makefile&quot;  VERBOSE=1 &quot;$file&quot;" />
            <Clean command="/usr/bin/make -f &quot;/home/midgard/Dropbox/project/Strat3/build-strat3-Desktop-Default/Makefile&quot;  VERBOSE=1 clean" />
            <DistClean command="/usr/bin/make -f &quot;/home/midgard/Dropbox/project/Strat3/build-strat3-Desktop-Default/Makefile&quot;  VERBOSE=1 clean" />
         </MakeCommands>
      </Target>
      <Target title="tests/fast">
         <Option output="/home/midgard/Dropbox/project/Strat3/build-strat3-Desktop-Default/tests" prefix_auto="0" extension_auto="0" />
         <Option working_dir="/home/midgard/Dropbox/project/Strat3/build-strat3-Desktop-Default" />
         <Option object_output="./" />
         <Option type="1" />
         <Option compiler="gcc" />
         <Compiler>
            <Add directory="/home/midgard/Dropbox/project/Strat3/strat3/../../gtest/gtest" />
            <Add directory="/home/midgard/Dropbox/project/Strat3/strat3/../../gtest/gtest/include" />
            <Add directory="/usr/include" />
            <Add directory="/usr/include/c++/4.8" />
            <Add directory="/usr/include/c++/4.8/backward" />
            <Add directory="/usr/include/i386-linux-gnu" />
            <Add directory="/usr/include/i386-linux-gnu/c++/4.8" />
            <Add directory="/usr/lib/gcc/i686-linux-gnu/4.8/include" />
            <Add directory="/usr/lib/gcc/i686-linux-gnu/4.8/include-fixed" />
            <Add directory="/usr/local/include" />
         </Compiler>
         <MakeCommands>
            <Build command="/usr/bin/make -f &quot;/home/midgard/Dropbox/project/Strat3/build-strat3-Desktop-Default/Makefile&quot;  VERBOSE=1 tests/fast" />
            <CompileFile command="/usr/bin/make -f &quot;/home/midgard/Dropbox/project/Strat3/build-strat3-Desktop-Default/Makefile&quot;  VERBOSE=1 &quot;$file&quot;" />
            <Clean command="/usr/bin/make -f &quot;/home/midgard/Dropbox/project/Strat3/build-strat3-Desktop-Default/Makefile&quot;  VERBOSE=1 clean" />
            <DistClean command="/usr/bin/make -f &quot;/home/midgard/Dropbox/project/Strat3/build-strat3-Desktop-Default/Makefile&quot;  VERBOSE=1 clean" />
         </MakeCommands>
      </Target>
      <Target title="test">
         <Option working_dir="/home/midgard/Dropbox/project/Strat3/build-strat3-Desktop-Default" />
         <Option type="4" />
         <MakeCommands>
            <Build command="/usr/bin/make -f &quot;/home/midgard/Dropbox/project/Strat3/build-strat3-Desktop-Default/Makefile&quot;  VERBOSE=1 test" />
            <CompileFile command="/usr/bin/make -f &quot;/home/midgard/Dropbox/project/Strat3/build-strat3-Desktop-Default/Makefile&quot;  VERBOSE=1 &quot;$file&quot;" />
            <Clean command="/usr/bin/make -f &quot;/home/midgard/Dropbox/project/Strat3/build-strat3-Desktop-Default/Makefile&quot;  VERBOSE=1 clean" />
            <DistClean command="/usr/bin/make -f &quot;/home/midgard/Dropbox/project/Strat3/build-strat3-Desktop-Default/Makefile&quot;  VERBOSE=1 clean" />
         </MakeCommands>
      </Target>
      </Build>
      <Unit filename="/home/midgard/Dropbox/project/Strat3/strat3/DataLog/DataLog.cpp">
      </Unit>
      <Unit filename="/home/midgard/Dropbox/project/Strat3/strat3/DataManager/Buffer.cpp">
      </Unit>
      <Unit filename="/home/midgard/Dropbox/project/Strat3/strat3/DataManager/DataManager.cpp">
      </Unit>
      <Unit filename="/home/midgard/Dropbox/project/Strat3/strat3/DataManager/DataQuery.cpp">
      </Unit>
      <Unit filename="/home/midgard/Dropbox/project/Strat3/strat3/DataManager/MatrixManager.cpp">
      </Unit>
      <Unit filename="/home/midgard/Dropbox/project/Strat3/strat3/DataManager/MatrixQuery.cpp">
      </Unit>
      <Unit filename="/home/midgard/Dropbox/project/Strat3/strat3/Portfolio/MarketEngine.cpp">
      </Unit>
      <Unit filename="/home/midgard/Dropbox/project/Strat3/strat3/Portfolio/Portfolio.cpp">
      </Unit>
      <Unit filename="/home/midgard/Dropbox/project/Strat3/strat3/Portfolio/PortfolioMC.cpp">
      </Unit>
      <Unit filename="/home/midgard/Dropbox/project/Strat3/strat3/Portfolio/Transaction.cpp">
      </Unit>
      <Unit filename="/home/midgard/Dropbox/project/Strat3/strat3/Portfolio/TransactionAnswer.cpp">
      </Unit>
      <Unit filename="/home/midgard/Dropbox/project/Strat3/strat3/Predictor/Predictor.cpp">
      </Unit>
      <Unit filename="/home/midgard/Dropbox/project/Strat3/strat3/Report/HTMLReport.cpp">
      </Unit>
      <Unit filename="/home/midgard/Dropbox/project/Strat3/strat3/Report/Report.cpp">
      </Unit>
      <Unit filename="/home/midgard/Dropbox/project/Strat3/strat3/Report/Statistics.cpp">
      </Unit>
      <Unit filename="/home/midgard/Dropbox/project/Strat3/strat3/Report/TEXReport.cpp">
      </Unit>
      <Unit filename="/home/midgard/Dropbox/project/Strat3/strat3/Report/script.cpp">
      </Unit>
      <Unit filename="/home/midgard/Dropbox/project/Strat3/strat3/Security/Securities.cpp">
      </Unit>
      <Unit filename="/home/midgard/Dropbox/project/Strat3/strat3/Strategy/DataStruct.cpp">
      </Unit>
      <Unit filename="/home/midgard/Dropbox/project/Strat3/strat3/Strategy/EqualWeighted.cpp">
      </Unit>
      <Unit filename="/home/midgard/Dropbox/project/Strat3/strat3/Strategy/MaximumDiversification.cpp">
      </Unit>
      <Unit filename="/home/midgard/Dropbox/project/Strat3/strat3/Strategy/MonteCarloBench.cpp">
      </Unit>
      <Unit filename="/home/midgard/Dropbox/project/Strat3/strat3/Strategy/Strategy.cpp">
      </Unit>
      <Unit filename="/home/midgard/Dropbox/project/Strat3/strat3/Strategy/VarianceMin.cpp">
      </Unit>
      <Unit filename="/home/midgard/Dropbox/project/Strat3/strat3/Tester.cpp">
      </Unit>
      <Unit filename="/home/midgard/Dropbox/project/Strat3/strat3/cml/OptionFile.cpp">
      </Unit>
      <Unit filename="/home/midgard/Dropbox/project/Strat3/strat3/cml/cml.cpp">
      </Unit>
      <Unit filename="/home/midgard/Dropbox/project/Strat3/strat3/cml/main.cpp">
      </Unit>
      <Unit filename="/home/midgard/Dropbox/project/Strat3/strat3/smath.cpp">
      </Unit>
      <Unit filename="/home/midgard/Dropbox/project/Strat3/strat3/test/arbitrage.cpp">
      </Unit>
      <Unit filename="/home/midgard/Dropbox/project/Strat3/strat3/test/main_cml_test.cpp">
      </Unit>
      <Unit filename="/home/midgard/Dropbox/project/Strat3/strat3/test/main_test.cpp">
      </Unit>
      <Unit filename="/home/midgard/Dropbox/project/gtest/gtest/src/gtest-all.cc">
      </Unit>
      <Unit filename="/home/midgard/Dropbox/project/Strat3/strat3/DataLog/DataLog.h">
      </Unit>
      <Unit filename="/home/midgard/Dropbox/project/Strat3/strat3/DataManager/Buffer.h">
      </Unit>
      <Unit filename="/home/midgard/Dropbox/project/Strat3/strat3/DataManager/DataManager.h">
      </Unit>
      <Unit filename="/home/midgard/Dropbox/project/Strat3/strat3/DataManager/DataQuery.h">
      </Unit>
      <Unit filename="/home/midgard/Dropbox/project/Strat3/strat3/DataManager/MatrixManager.h">
      </Unit>
      <Unit filename="/home/midgard/Dropbox/project/Strat3/strat3/DataManager/MatrixQuery.h">
      </Unit>
      <Unit filename="/home/midgard/Dropbox/project/Strat3/strat3/Portfolio/MarketEngine.h">
      </Unit>
      <Unit filename="/home/midgard/Dropbox/project/Strat3/strat3/Portfolio/Portfolio.h">
      </Unit>
      <Unit filename="/home/midgard/Dropbox/project/Strat3/strat3/Portfolio/PortfolioMC.h">
      </Unit>
      <Unit filename="/home/midgard/Dropbox/project/Strat3/strat3/Portfolio/Transaction.h">
      </Unit>
      <Unit filename="/home/midgard/Dropbox/project/Strat3/strat3/Portfolio/TransactionAnswer.h">
      </Unit>
      <Unit filename="/home/midgard/Dropbox/project/Strat3/strat3/Predictor/Predictor.h">
      </Unit>
      <Unit filename="/home/midgard/Dropbox/project/Strat3/strat3/Report/HTMLReport.h">
      </Unit>
      <Unit filename="/home/midgard/Dropbox/project/Strat3/strat3/Report/Report.h">
      </Unit>
      <Unit filename="/home/midgard/Dropbox/project/Strat3/strat3/Report/Statistics.h">
      </Unit>
      <Unit filename="/home/midgard/Dropbox/project/Strat3/strat3/Report/TEXReport.h">
      </Unit>
      <Unit filename="/home/midgard/Dropbox/project/Strat3/strat3/Report/script.h">
      </Unit>
      <Unit filename="/home/midgard/Dropbox/project/Strat3/strat3/Security/Securities.h">
      </Unit>
      <Unit filename="/home/midgard/Dropbox/project/Strat3/strat3/Strategy/DataStruct.h">
      </Unit>
      <Unit filename="/home/midgard/Dropbox/project/Strat3/strat3/Strategy/EqualWeighted.h">
      </Unit>
      <Unit filename="/home/midgard/Dropbox/project/Strat3/strat3/Strategy/MaximumDiversification.h">
      </Unit>
      <Unit filename="/home/midgard/Dropbox/project/Strat3/strat3/Strategy/MonteCarloBench.h">
      </Unit>
      <Unit filename="/home/midgard/Dropbox/project/Strat3/strat3/Strategy/Strategy.h">
      </Unit>
      <Unit filename="/home/midgard/Dropbox/project/Strat3/strat3/Strategy/VarianceMin.h">
      </Unit>
      <Unit filename="/home/midgard/Dropbox/project/Strat3/strat3/Tester.h">
      </Unit>
      <Unit filename="/home/midgard/Dropbox/project/Strat3/strat3/cml/OptionFile.h">
      </Unit>
      <Unit filename="/home/midgard/Dropbox/project/Strat3/strat3/cml/cml.h">
      </Unit>
      <Unit filename="/home/midgard/Dropbox/project/Strat3/strat3/smath.h">
      </Unit>
      <Unit filename="/home/midgard/Dropbox/project/Strat3/strat3/CMakeLists.txt">
          <Option virtualFolder="CMake Files\" />
      </Unit>
      <Unit filename="/home/midgard/Dropbox/project/Strat3/strat3/DataManager/CMakeLists.txt">
          <Option virtualFolder="CMake Files\DataManager\" />
      </Unit>
      <Unit filename="/home/midgard/Dropbox/project/Strat3/strat3/Portfolio/CMakeLists.txt">
          <Option virtualFolder="CMake Files\Portfolio\" />
      </Unit>
      <Unit filename="/home/midgard/Dropbox/project/Strat3/strat3/Strategy/CMakeLists.txt">
          <Option virtualFolder="CMake Files\Strategy\" />
      </Unit>
      <Unit filename="/home/midgard/Dropbox/project/Strat3/strat3/DataLog/CMakeLists.txt">
          <Option virtualFolder="CMake Files\DataLog\" />
      </Unit>
      <Unit filename="/home/midgard/Dropbox/project/Strat3/strat3/Report/CMakeLists.txt">
          <Option virtualFolder="CMake Files\Report\" />
      </Unit>
      <Unit filename="/home/midgard/Dropbox/project/Strat3/strat3/test/CMakeLists.txt">
          <Option virtualFolder="CMake Files\test\" />
      </Unit>
      <Unit filename="/home/midgard/Dropbox/project/Strat3/strat3/Predictor/CMakeLists.txt">
          <Option virtualFolder="CMake Files\Predictor\" />
      </Unit>
      <Unit filename="/home/midgard/Dropbox/project/Strat3/strat3/Error/CMakeLists.txt">
          <Option virtualFolder="CMake Files\Error\" />
      </Unit>
      <Unit filename="/home/midgard/Dropbox/project/Strat3/strat3/Security/CMakeLists.txt">
          <Option virtualFolder="CMake Files\Security\" />
      </Unit>
      <Unit filename="/home/midgard/Dropbox/project/Strat3/strat3/cml/CMakeLists.txt">
          <Option virtualFolder="CMake Files\cml\" />
      </Unit>
   </Project>
</CodeBlocks_project_file>
